// !$*UTF8*$!
{
	archiveVersion = 1;
	classes = {
	};
	objectVersion = 46;
	objects = {

/* Begin PBXBuildFile section */
		722A5F221F4CA95F00B07302 /* SimpleStatedTests.swift in Sources */ = {isa = PBXBuildFile; fileRef = 722A5F211F4CA95F00B07302 /* SimpleStatedTests.swift */; };
		722A5F411F4D719C00B07302 /* InputSlot.swift in Sources */ = {isa = PBXBuildFile; fileRef = 722A5F351F4D719C00B07302 /* InputSlot.swift */; };
		722A5F421F4D719C00B07302 /* SimpleState.swift in Sources */ = {isa = PBXBuildFile; fileRef = 722A5F371F4D719C00B07302 /* SimpleState.swift */; };
		722A5F431F4D719C00B07302 /* State.swift in Sources */ = {isa = PBXBuildFile; fileRef = 722A5F381F4D719C00B07302 /* State.swift */; };
		722A5F441F4D719C00B07302 /* StateSlot.swift in Sources */ = {isa = PBXBuildFile; fileRef = 722A5F391F4D719C00B07302 /* StateSlot.swift */; };
		722A5F451F4D719C00B07302 /* StateTakingInput.swift in Sources */ = {isa = PBXBuildFile; fileRef = 722A5F3A1F4D719C00B07302 /* StateTakingInput.swift */; };
		722A5F461F4D719C00B07302 /* StateUsingMappedState.swift in Sources */ = {isa = PBXBuildFile; fileRef = 722A5F3B1F4D719C00B07302 /* StateUsingMappedState.swift */; };
		722A5F471F4D719C00B07302 /* StateTransition.swift in Sources */ = {isa = PBXBuildFile; fileRef = 722A5F3D1F4D719C00B07302 /* StateTransition.swift */; };
		722A5F481F4D719C00B07302 /* StateTransitionTrigger.swift in Sources */ = {isa = PBXBuildFile; fileRef = 722A5F3E1F4D719C00B07302 /* StateTransitionTrigger.swift */; };
		722A5F491F4D719C00B07302 /* StateTransitionTriggerWithSideEffect.swift in Sources */ = {isa = PBXBuildFile; fileRef = 722A5F3F1F4D719C00B07302 /* StateTransitionTriggerWithSideEffect.swift */; };
		722A5F4B1F4D71B600B07302 /* InputDSL.swift in Sources */ = {isa = PBXBuildFile; fileRef = 722A5F4A1F4D71B600B07302 /* InputDSL.swift */; };
		722A5F4D1F4D71D000B07302 /* InputSlotDSL.swift in Sources */ = {isa = PBXBuildFile; fileRef = 722A5F4C1F4D71D000B07302 /* InputSlotDSL.swift */; };
		722A5F4F1F4D71E700B07302 /* TransitionFromStateDSL.swift in Sources */ = {isa = PBXBuildFile; fileRef = 722A5F4E1F4D71E700B07302 /* TransitionFromStateDSL.swift */; };
		722A5F511F4D71FF00B07302 /* TransitionFromStateWithMapDSL.swift in Sources */ = {isa = PBXBuildFile; fileRef = 722A5F501F4D71FF00B07302 /* TransitionFromStateWithMapDSL.swift */; };
		722A5F531F4D721100B07302 /* StateTransitionTriggerDSL.swift in Sources */ = {isa = PBXBuildFile; fileRef = 722A5F521F4D721100B07302 /* StateTransitionTriggerDSL.swift */; };
		72833EDA1F59DFEA00E19678 /* AnyState.swift in Sources */ = {isa = PBXBuildFile; fileRef = 72833ED91F59DFEA00E19678 /* AnyState.swift */; };
		72F30E151F30926C0065D887 /* Stated.framework in Frameworks */ = {isa = PBXBuildFile; fileRef = 72F30E0B1F30926C0065D887 /* Stated.framework */; };
		72F30E1A1F30926C0065D887 /* InputArgsAndMappedStateTests.swift in Sources */ = {isa = PBXBuildFile; fileRef = 72F30E191F30926C0065D887 /* InputArgsAndMappedStateTests.swift */; };
		72F30E261F30928B0065D887 /* StateMachine.swift in Sources */ = {isa = PBXBuildFile; fileRef = 72F30E251F30928B0065D887 /* StateMachine.swift */; };
/* End PBXBuildFile section */

/* Begin PBXContainerItemProxy section */
		72F30E161F30926C0065D887 /* PBXContainerItemProxy */ = {
			isa = PBXContainerItemProxy;
			containerPortal = 72F30E021F30926C0065D887 /* Project object */;
			proxyType = 1;
			remoteGlobalIDString = 72F30E0A1F30926C0065D887;
			remoteInfo = Stated;
		};
/* End PBXContainerItemProxy section */

/* Begin PBXFileReference section */
		722A5F211F4CA95F00B07302 /* SimpleStatedTests.swift */ = {isa = PBXFileReference; fileEncoding = 4; lastKnownFileType = sourcecode.swift; path = SimpleStatedTests.swift; sourceTree = "<group>"; };
		722A5F351F4D719C00B07302 /* InputSlot.swift */ = {isa = PBXFileReference; fileEncoding = 4; lastKnownFileType = sourcecode.swift; path = InputSlot.swift; sourceTree = "<group>"; };
		722A5F371F4D719C00B07302 /* SimpleState.swift */ = {isa = PBXFileReference; fileEncoding = 4; lastKnownFileType = sourcecode.swift; path = SimpleState.swift; sourceTree = "<group>"; };
		722A5F381F4D719C00B07302 /* State.swift */ = {isa = PBXFileReference; fileEncoding = 4; lastKnownFileType = sourcecode.swift; path = State.swift; sourceTree = "<group>"; };
		722A5F391F4D719C00B07302 /* StateSlot.swift */ = {isa = PBXFileReference; fileEncoding = 4; lastKnownFileType = sourcecode.swift; path = StateSlot.swift; sourceTree = "<group>"; };
		722A5F3A1F4D719C00B07302 /* StateTakingInput.swift */ = {isa = PBXFileReference; fileEncoding = 4; lastKnownFileType = sourcecode.swift; path = StateTakingInput.swift; sourceTree = "<group>"; };
		722A5F3B1F4D719C00B07302 /* StateUsingMappedState.swift */ = {isa = PBXFileReference; fileEncoding = 4; lastKnownFileType = sourcecode.swift; path = StateUsingMappedState.swift; sourceTree = "<group>"; };
		722A5F3D1F4D719C00B07302 /* StateTransition.swift */ = {isa = PBXFileReference; fileEncoding = 4; lastKnownFileType = sourcecode.swift; path = StateTransition.swift; sourceTree = "<group>"; };
		722A5F3E1F4D719C00B07302 /* StateTransitionTrigger.swift */ = {isa = PBXFileReference; fileEncoding = 4; lastKnownFileType = sourcecode.swift; path = StateTransitionTrigger.swift; sourceTree = "<group>"; };
		722A5F3F1F4D719C00B07302 /* StateTransitionTriggerWithSideEffect.swift */ = {isa = PBXFileReference; fileEncoding = 4; lastKnownFileType = sourcecode.swift; path = StateTransitionTriggerWithSideEffect.swift; sourceTree = "<group>"; };
		722A5F4A1F4D71B600B07302 /* InputDSL.swift */ = {isa = PBXFileReference; fileEncoding = 4; lastKnownFileType = sourcecode.swift; path = InputDSL.swift; sourceTree = "<group>"; };
		722A5F4C1F4D71D000B07302 /* InputSlotDSL.swift */ = {isa = PBXFileReference; fileEncoding = 4; lastKnownFileType = sourcecode.swift; path = InputSlotDSL.swift; sourceTree = "<group>"; };
		722A5F4E1F4D71E700B07302 /* TransitionFromStateDSL.swift */ = {isa = PBXFileReference; fileEncoding = 4; lastKnownFileType = sourcecode.swift; path = TransitionFromStateDSL.swift; sourceTree = "<group>"; };
		722A5F501F4D71FF00B07302 /* TransitionFromStateWithMapDSL.swift */ = {isa = PBXFileReference; fileEncoding = 4; lastKnownFileType = sourcecode.swift; path = TransitionFromStateWithMapDSL.swift; sourceTree = "<group>"; };
		722A5F521F4D721100B07302 /* StateTransitionTriggerDSL.swift */ = {isa = PBXFileReference; fileEncoding = 4; lastKnownFileType = sourcecode.swift; path = StateTransitionTriggerDSL.swift; sourceTree = "<group>"; };
		72833ED91F59DFEA00E19678 /* AnyState.swift */ = {isa = PBXFileReference; fileEncoding = 4; lastKnownFileType = sourcecode.swift; path = AnyState.swift; sourceTree = "<group>"; };
		72F30E0B1F30926C0065D887 /* Stated.framework */ = {isa = PBXFileReference; explicitFileType = wrapper.framework; includeInIndex = 0; path = Stated.framework; sourceTree = BUILT_PRODUCTS_DIR; };
		72F30E0F1F30926C0065D887 /* Info.plist */ = {isa = PBXFileReference; lastKnownFileType = text.plist.xml; path = Info.plist; sourceTree = "<group>"; };
		72F30E141F30926C0065D887 /* StatedTests.xctest */ = {isa = PBXFileReference; explicitFileType = wrapper.cfbundle; includeInIndex = 0; path = StatedTests.xctest; sourceTree = BUILT_PRODUCTS_DIR; };
		72F30E191F30926C0065D887 /* InputArgsAndMappedStateTests.swift */ = {isa = PBXFileReference; lastKnownFileType = sourcecode.swift; path = InputArgsAndMappedStateTests.swift; sourceTree = "<group>"; };
		72F30E1B1F30926C0065D887 /* Info.plist */ = {isa = PBXFileReference; lastKnownFileType = text.plist.xml; path = Info.plist; sourceTree = "<group>"; };
		72F30E251F30928B0065D887 /* StateMachine.swift */ = {isa = PBXFileReference; fileEncoding = 4; lastKnownFileType = sourcecode.swift; path = StateMachine.swift; sourceTree = "<group>"; };
/* End PBXFileReference section */

/* Begin PBXFrameworksBuildPhase section */
		72F30E071F30926C0065D887 /* Frameworks */ = {
			isa = PBXFrameworksBuildPhase;
			buildActionMask = 2147483647;
			files = (
			);
			runOnlyForDeploymentPostprocessing = 0;
		};
		72F30E111F30926C0065D887 /* Frameworks */ = {
			isa = PBXFrameworksBuildPhase;
			buildActionMask = 2147483647;
			files = (
				72F30E151F30926C0065D887 /* Stated.framework in Frameworks */,
			);
			runOnlyForDeploymentPostprocessing = 0;
		};
/* End PBXFrameworksBuildPhase section */

/* Begin PBXGroup section */
		722A5F321F4D719C00B07302 /* DSL */ = {
			isa = PBXGroup;
			children = (
				722A5F4A1F4D71B600B07302 /* InputDSL.swift */,
				722A5F4C1F4D71D000B07302 /* InputSlotDSL.swift */,
				722A5F4E1F4D71E700B07302 /* TransitionFromStateDSL.swift */,
				722A5F501F4D71FF00B07302 /* TransitionFromStateWithMapDSL.swift */,
				722A5F521F4D721100B07302 /* StateTransitionTriggerDSL.swift */,
			);
			path = DSL;
			sourceTree = "<group>";
		};
		722A5F341F4D719C00B07302 /* Inputs */ = {
			isa = PBXGroup;
			children = (
				722A5F351F4D719C00B07302 /* InputSlot.swift */,
			);
			path = Inputs;
			sourceTree = "<group>";
		};
		722A5F361F4D719C00B07302 /* States */ = {
			isa = PBXGroup;
			children = (
				72833ED91F59DFEA00E19678 /* AnyState.swift */,
				722A5F371F4D719C00B07302 /* SimpleState.swift */,
				722A5F381F4D719C00B07302 /* State.swift */,
				722A5F391F4D719C00B07302 /* StateSlot.swift */,
				722A5F3A1F4D719C00B07302 /* StateTakingInput.swift */,
				722A5F3B1F4D719C00B07302 /* StateUsingMappedState.swift */,
			);
			path = States;
			sourceTree = "<group>";
		};
		722A5F3C1F4D719C00B07302 /* Transitions */ = {
			isa = PBXGroup;
			children = (
				722A5F3D1F4D719C00B07302 /* StateTransition.swift */,
				722A5F3E1F4D719C00B07302 /* StateTransitionTrigger.swift */,
				722A5F3F1F4D719C00B07302 /* StateTransitionTriggerWithSideEffect.swift */,
			);
			path = Transitions;
			sourceTree = "<group>";
		};
		72F30E011F30926C0065D887 = {
			isa = PBXGroup;
			children = (
				72F30E0D1F30926C0065D887 /* Stated */,
				72F30E181F30926C0065D887 /* StatedTests */,
				72F30E0C1F30926C0065D887 /* Products */,
			);
			sourceTree = "<group>";
		};
		72F30E0C1F30926C0065D887 /* Products */ = {
			isa = PBXGroup;
			children = (
				72F30E0B1F30926C0065D887 /* Stated.framework */,
				72F30E141F30926C0065D887 /* StatedTests.xctest */,
			);
			name = Products;
			sourceTree = "<group>";
		};
		72F30E0D1F30926C0065D887 /* Stated */ = {
			isa = PBXGroup;
			children = (
				722A5F321F4D719C00B07302 /* DSL */,
				722A5F341F4D719C00B07302 /* Inputs */,
				722A5F361F4D719C00B07302 /* States */,
				722A5F3C1F4D719C00B07302 /* Transitions */,
				72F30E0F1F30926C0065D887 /* Info.plist */,
				72F30E251F30928B0065D887 /* StateMachine.swift */,
			);
			path = Stated;
			sourceTree = "<group>";
		};
		72F30E181F30926C0065D887 /* StatedTests */ = {
			isa = PBXGroup;
			children = (
				72F30E191F30926C0065D887 /* InputArgsAndMappedStateTests.swift */,
				72F30E1B1F30926C0065D887 /* Info.plist */,
				722A5F211F4CA95F00B07302 /* SimpleStatedTests.swift */,
			);
			path = StatedTests;
			sourceTree = "<group>";
		};
/* End PBXGroup section */

/* Begin PBXHeadersBuildPhase section */
		72F30E081F30926C0065D887 /* Headers */ = {
			isa = PBXHeadersBuildPhase;
			buildActionMask = 2147483647;
			files = (
			);
			runOnlyForDeploymentPostprocessing = 0;
		};
/* End PBXHeadersBuildPhase section */

/* Begin PBXNativeTarget section */
		72F30E0A1F30926C0065D887 /* Stated */ = {
			isa = PBXNativeTarget;
			buildConfigurationList = 72F30E1F1F30926C0065D887 /* Build configuration list for PBXNativeTarget "Stated" */;
			buildPhases = (
				72F30E061F30926C0065D887 /* Sources */,
				72F30E071F30926C0065D887 /* Frameworks */,
				72F30E081F30926C0065D887 /* Headers */,
				72F30E091F30926C0065D887 /* Resources */,
			);
			buildRules = (
			);
			dependencies = (
			);
			name = Stated;
			productName = Stated;
			productReference = 72F30E0B1F30926C0065D887 /* Stated.framework */;
			productType = "com.apple.product-type.framework";
		};
		72F30E131F30926C0065D887 /* StatedTests */ = {
			isa = PBXNativeTarget;
			buildConfigurationList = 72F30E221F30926C0065D887 /* Build configuration list for PBXNativeTarget "StatedTests" */;
			buildPhases = (
				72F30E101F30926C0065D887 /* Sources */,
				72F30E111F30926C0065D887 /* Frameworks */,
				72F30E121F30926C0065D887 /* Resources */,
			);
			buildRules = (
			);
			dependencies = (
				72F30E171F30926C0065D887 /* PBXTargetDependency */,
			);
			name = StatedTests;
			productName = StatedTests;
			productReference = 72F30E141F30926C0065D887 /* StatedTests.xctest */;
			productType = "com.apple.product-type.bundle.unit-test";
		};
/* End PBXNativeTarget section */

/* Begin PBXProject section */
		72F30E021F30926C0065D887 /* Project object */ = {
			isa = PBXProject;
			attributes = {
				LastSwiftUpdateCheck = 0830;
				LastUpgradeCheck = 0900;
				ORGANIZATIONNAME = "Jordan Hamill";
				TargetAttributes = {
					72F30E0A1F30926C0065D887 = {
						CreatedOnToolsVersion = 8.3.3;
						LastSwiftMigration = 0900;
						ProvisioningStyle = Automatic;
					};
					72F30E131F30926C0065D887 = {
						CreatedOnToolsVersion = 8.3.3;
						LastSwiftMigration = 0900;
						ProvisioningStyle = Automatic;
					};
				};
			};
			buildConfigurationList = 72F30E051F30926C0065D887 /* Build configuration list for PBXProject "Stated" */;
			compatibilityVersion = "Xcode 3.2";
			developmentRegion = English;
			hasScannedForEncodings = 0;
			knownRegions = (
				en,
			);
			mainGroup = 72F30E011F30926C0065D887;
			productRefGroup = 72F30E0C1F30926C0065D887 /* Products */;
			projectDirPath = "";
			projectRoot = "";
			targets = (
				72F30E0A1F30926C0065D887 /* Stated */,
				72F30E131F30926C0065D887 /* StatedTests */,
			);
		};
/* End PBXProject section */

/* Begin PBXResourcesBuildPhase section */
		72F30E091F30926C0065D887 /* Resources */ = {
			isa = PBXResourcesBuildPhase;
			buildActionMask = 2147483647;
			files = (
			);
			runOnlyForDeploymentPostprocessing = 0;
		};
		72F30E121F30926C0065D887 /* Resources */ = {
			isa = PBXResourcesBuildPhase;
			buildActionMask = 2147483647;
			files = (
			);
			runOnlyForDeploymentPostprocessing = 0;
		};
/* End PBXResourcesBuildPhase section */

/* Begin PBXSourcesBuildPhase section */
		72F30E061F30926C0065D887 /* Sources */ = {
			isa = PBXSourcesBuildPhase;
			buildActionMask = 2147483647;
			files = (
				722A5F4B1F4D71B600B07302 /* InputDSL.swift in Sources */,
				722A5F471F4D719C00B07302 /* StateTransition.swift in Sources */,
				72833EDA1F59DFEA00E19678 /* AnyState.swift in Sources */,
				722A5F4F1F4D71E700B07302 /* TransitionFromStateDSL.swift in Sources */,
				722A5F481F4D719C00B07302 /* StateTransitionTrigger.swift in Sources */,
				722A5F411F4D719C00B07302 /* InputSlot.swift in Sources */,
				722A5F451F4D719C00B07302 /* StateTakingInput.swift in Sources */,
				72F30E261F30928B0065D887 /* StateMachine.swift in Sources */,
				722A5F511F4D71FF00B07302 /* TransitionFromStateWithMapDSL.swift in Sources */,
				722A5F4D1F4D71D000B07302 /* InputSlotDSL.swift in Sources */,
				722A5F441F4D719C00B07302 /* StateSlot.swift in Sources */,
				722A5F461F4D719C00B07302 /* StateUsingMappedState.swift in Sources */,
				722A5F491F4D719C00B07302 /* StateTransitionTriggerWithSideEffect.swift in Sources */,
				722A5F531F4D721100B07302 /* StateTransitionTriggerDSL.swift in Sources */,
				722A5F431F4D719C00B07302 /* State.swift in Sources */,
				722A5F421F4D719C00B07302 /* SimpleState.swift in Sources */,
			);
			runOnlyForDeploymentPostprocessing = 0;
		};
		72F30E101F30926C0065D887 /* Sources */ = {
			isa = PBXSourcesBuildPhase;
			buildActionMask = 2147483647;
			files = (
				72F30E1A1F30926C0065D887 /* InputArgsAndMappedStateTests.swift in Sources */,
				722A5F221F4CA95F00B07302 /* SimpleStatedTests.swift in Sources */,
			);
			runOnlyForDeploymentPostprocessing = 0;
		};
/* End PBXSourcesBuildPhase section */

/* Begin PBXTargetDependency section */
		72F30E171F30926C0065D887 /* PBXTargetDependency */ = {
			isa = PBXTargetDependency;
			target = 72F30E0A1F30926C0065D887 /* Stated */;
			targetProxy = 72F30E161F30926C0065D887 /* PBXContainerItemProxy */;
		};
/* End PBXTargetDependency section */

/* Begin XCBuildConfiguration section */
		72F30E1D1F30926C0065D887 /* Debug */ = {
			isa = XCBuildConfiguration;
			buildSettings = {
				ALWAYS_SEARCH_USER_PATHS = NO;
				CLANG_ANALYZER_NONNULL = YES;
				CLANG_ANALYZER_NUMBER_OBJECT_CONVERSION = YES_AGGRESSIVE;
				CLANG_CXX_LANGUAGE_STANDARD = "gnu++0x";
				CLANG_CXX_LIBRARY = "libc++";
				CLANG_ENABLE_MODULES = YES;
				CLANG_ENABLE_OBJC_ARC = YES;
				CLANG_WARN_BLOCK_CAPTURE_AUTORELEASING = YES;
				CLANG_WARN_BOOL_CONVERSION = YES;
				CLANG_WARN_COMMA = YES;
				CLANG_WARN_CONSTANT_CONVERSION = YES;
				CLANG_WARN_DIRECT_OBJC_ISA_USAGE = YES_ERROR;
				CLANG_WARN_DOCUMENTATION_COMMENTS = YES;
				CLANG_WARN_EMPTY_BODY = YES;
				CLANG_WARN_ENUM_CONVERSION = YES;
				CLANG_WARN_INFINITE_RECURSION = YES;
				CLANG_WARN_INT_CONVERSION = YES;
				CLANG_WARN_NON_LITERAL_NULL_CONVERSION = YES;
				CLANG_WARN_OBJC_LITERAL_CONVERSION = YES;
				CLANG_WARN_OBJC_ROOT_CLASS = YES_ERROR;
				CLANG_WARN_RANGE_LOOP_ANALYSIS = YES;
				CLANG_WARN_STRICT_PROTOTYPES = YES;
				CLANG_WARN_SUSPICIOUS_MOVE = YES;
				CLANG_WARN_UNREACHABLE_CODE = YES;
				CLANG_WARN__DUPLICATE_METHOD_MATCH = YES;
				"CODE_SIGN_IDENTITY[sdk=iphoneos*]" = "iPhone Developer";
				COPY_PHASE_STRIP = NO;
				CURRENT_PROJECT_VERSION = 1;
				DEBUG_INFORMATION_FORMAT = dwarf;
				ENABLE_STRICT_OBJC_MSGSEND = YES;
				ENABLE_TESTABILITY = YES;
				GCC_C_LANGUAGE_STANDARD = gnu99;
				GCC_DYNAMIC_NO_PIC = NO;
				GCC_NO_COMMON_BLOCKS = YES;
				GCC_OPTIMIZATION_LEVEL = 0;
				GCC_PREPROCESSOR_DEFINITIONS = (
					"DEBUG=1",
					"$(inherited)",
				);
				GCC_WARN_64_TO_32_BIT_CONVERSION = YES;
				GCC_WARN_ABOUT_RETURN_TYPE = YES_ERROR;
				GCC_WARN_UNDECLARED_SELECTOR = YES;
				GCC_WARN_UNINITIALIZED_AUTOS = YES_AGGRESSIVE;
				GCC_WARN_UNUSED_FUNCTION = YES;
				GCC_WARN_UNUSED_VARIABLE = YES;
				IPHONEOS_DEPLOYMENT_TARGET = 10.3;
				MTL_ENABLE_DEBUG_INFO = YES;
				ONLY_ACTIVE_ARCH = YES;
				SDKROOT = iphoneos;
				SWIFT_ACTIVE_COMPILATION_CONDITIONS = DEBUG;
				SWIFT_OPTIMIZATION_LEVEL = "-Onone";
				TARGETED_DEVICE_FAMILY = "1,2";
				VERSIONING_SYSTEM = "apple-generic";
				VERSION_INFO_PREFIX = "";
			};
			name = Debug;
		};
		72F30E1E1F30926C0065D887 /* Release */ = {
			isa = XCBuildConfiguration;
			buildSettings = {
				ALWAYS_SEARCH_USER_PATHS = NO;
				CLANG_ANALYZER_NONNULL = YES;
				CLANG_ANALYZER_NUMBER_OBJECT_CONVERSION = YES_AGGRESSIVE;
				CLANG_CXX_LANGUAGE_STANDARD = "gnu++0x";
				CLANG_CXX_LIBRARY = "libc++";
				CLANG_ENABLE_MODULES = YES;
				CLANG_ENABLE_OBJC_ARC = YES;
				CLANG_WARN_BLOCK_CAPTURE_AUTORELEASING = YES;
				CLANG_WARN_BOOL_CONVERSION = YES;
				CLANG_WARN_COMMA = YES;
				CLANG_WARN_CONSTANT_CONVERSION = YES;
				CLANG_WARN_DIRECT_OBJC_ISA_USAGE = YES_ERROR;
				CLANG_WARN_DOCUMENTATION_COMMENTS = YES;
				CLANG_WARN_EMPTY_BODY = YES;
				CLANG_WARN_ENUM_CONVERSION = YES;
				CLANG_WARN_INFINITE_RECURSION = YES;
				CLANG_WARN_INT_CONVERSION = YES;
				CLANG_WARN_NON_LITERAL_NULL_CONVERSION = YES;
				CLANG_WARN_OBJC_LITERAL_CONVERSION = YES;
				CLANG_WARN_OBJC_ROOT_CLASS = YES_ERROR;
				CLANG_WARN_RANGE_LOOP_ANALYSIS = YES;
				CLANG_WARN_STRICT_PROTOTYPES = YES;
				CLANG_WARN_SUSPICIOUS_MOVE = YES;
				CLANG_WARN_UNREACHABLE_CODE = YES;
				CLANG_WARN__DUPLICATE_METHOD_MATCH = YES;
				"CODE_SIGN_IDENTITY[sdk=iphoneos*]" = "iPhone Developer";
				COPY_PHASE_STRIP = NO;
				CURRENT_PROJECT_VERSION = 1;
				DEBUG_INFORMATION_FORMAT = "dwarf-with-dsym";
				ENABLE_NS_ASSERTIONS = NO;
				ENABLE_STRICT_OBJC_MSGSEND = YES;
				GCC_C_LANGUAGE_STANDARD = gnu99;
				GCC_NO_COMMON_BLOCKS = YES;
				GCC_WARN_64_TO_32_BIT_CONVERSION = YES;
				GCC_WARN_ABOUT_RETURN_TYPE = YES_ERROR;
				GCC_WARN_UNDECLARED_SELECTOR = YES;
				GCC_WARN_UNINITIALIZED_AUTOS = YES_AGGRESSIVE;
				GCC_WARN_UNUSED_FUNCTION = YES;
				GCC_WARN_UNUSED_VARIABLE = YES;
				IPHONEOS_DEPLOYMENT_TARGET = 10.3;
				MTL_ENABLE_DEBUG_INFO = NO;
				SDKROOT = iphoneos;
				SWIFT_OPTIMIZATION_LEVEL = "-Owholemodule";
				TARGETED_DEVICE_FAMILY = "1,2";
				VALIDATE_PRODUCT = YES;
				VERSIONING_SYSTEM = "apple-generic";
				VERSION_INFO_PREFIX = "";
			};
			name = Release;
		};
		72F30E201F30926C0065D887 /* Debug */ = {
			isa = XCBuildConfiguration;
			buildSettings = {
				CLANG_ENABLE_MODULES = YES;
				CODE_SIGN_IDENTITY = "";
				DEFINES_MODULE = YES;
				DYLIB_COMPATIBILITY_VERSION = 1;
				DYLIB_CURRENT_VERSION = 1;
				DYLIB_INSTALL_NAME_BASE = "@rpath";
				INFOPLIST_FILE = Stated/Info.plist;
				INSTALL_PATH = "$(LOCAL_LIBRARY_DIR)/Frameworks";
				LD_RUNPATH_SEARCH_PATHS = "$(inherited) @executable_path/Frameworks @loader_path/Frameworks";
				PRODUCT_BUNDLE_IDENTIFIER = com.jordanhamill.Stated;
				PRODUCT_NAME = "$(TARGET_NAME)";
				SKIP_INSTALL = YES;
				SWIFT_OPTIMIZATION_LEVEL = "-Onone";
				SWIFT_SWIFT3_OBJC_INFERENCE = Default;
				SWIFT_VERSION = 4.0;
			};
			name = Debug;
		};
		72F30E211F30926C0065D887 /* Release */ = {
			isa = XCBuildConfiguration;
			buildSettings = {
				CLANG_ENABLE_MODULES = YES;
				CODE_SIGN_IDENTITY = "";
				DEFINES_MODULE = YES;
				DYLIB_COMPATIBILITY_VERSION = 1;
				DYLIB_CURRENT_VERSION = 1;
				DYLIB_INSTALL_NAME_BASE = "@rpath";
				INFOPLIST_FILE = Stated/Info.plist;
				INSTALL_PATH = "$(LOCAL_LIBRARY_DIR)/Frameworks";
				LD_RUNPATH_SEARCH_PATHS = "$(inherited) @executable_path/Frameworks @loader_path/Frameworks";
				PRODUCT_BUNDLE_IDENTIFIER = com.jordanhamill.Stated;
				PRODUCT_NAME = "$(TARGET_NAME)";
				SKIP_INSTALL = YES;
				SWIFT_SWIFT3_OBJC_INFERENCE = Default;
				SWIFT_VERSION = 4.0;
			};
			name = Release;
		};
		72F30E231F30926C0065D887 /* Debug */ = {
			isa = XCBuildConfiguration;
			buildSettings = {
				ALWAYS_EMBED_SWIFT_STANDARD_LIBRARIES = YES;
				INFOPLIST_FILE = StatedTests/Info.plist;
				LD_RUNPATH_SEARCH_PATHS = "$(inherited) @executable_path/Frameworks @loader_path/Frameworks";
				PRODUCT_BUNDLE_IDENTIFIER = com.jordanhamill.StatedTests;
				PRODUCT_NAME = "$(TARGET_NAME)";
				SWIFT_SWIFT3_OBJC_INFERENCE = Default;
				SWIFT_VERSION = 4.0;
			};
			name = Debug;
		};
		72F30E241F30926C0065D887 /* Release */ = {
			isa = XCBuildConfiguration;
			buildSettings = {
				ALWAYS_EMBED_SWIFT_STANDARD_LIBRARIES = YES;
				INFOPLIST_FILE = StatedTests/Info.plist;
				LD_RUNPATH_SEARCH_PATHS = "$(inherited) @executable_path/Frameworks @loader_path/Frameworks";
				PRODUCT_BUNDLE_IDENTIFIER = com.jordanhamill.StatedTests;
				PRODUCT_NAME = "$(TARGET_NAME)";
				SWIFT_SWIFT3_OBJC_INFERENCE = Default;
				SWIFT_VERSION = 4.0;
			};
			name = Release;
		};
/* End XCBuildConfiguration section */

/* Begin XCConfigurationList section */
		72F30E051F30926C0065D887 /* Build configuration list for PBXProject "Stated" */ = {
			isa = XCConfigurationList;
			buildConfigurations = (
				72F30E1D1F30926C0065D887 /* Debug */,
				72F30E1E1F30926C0065D887 /* Release */,
			);
			defaultConfigurationIsVisible = 0;
			defaultConfigurationName = Release;
		};
		72F30E1F1F30926C0065D887 /* Build configuration list for PBXNativeTarget "Stated" */ = {
			isa = XCConfigurationList;
			buildConfigurations = (
				72F30E201F30926C0065D887 /* Debug */,
				72F30E211F30926C0065D887 /* Release */,
			);
			defaultConfigurationIsVisible = 0;
			defaultConfigurationName = Release;
		};
		72F30E221F30926C0065D887 /* Build configuration list for PBXNativeTarget "StatedTests" */ = {
			isa = XCConfigurationList;
			buildConfigurations = (
				72F30E231F30926C0065D887 /* Debug */,
				72F30E241F30926C0065D887 /* Release */,
			);
			defaultConfigurationIsVisible = 0;
			defaultConfigurationName = Release;
		};
/* End XCConfigurationList section */
	};
	rootObject = 72F30E021F30926C0065D887 /* Project object */;
}
